// !$*UTF8*$!
{
	archiveVersion = 1;
	classes = {
	};
	objectVersion = 46;
	objects = {

/* Begin PBXFileReference section */
		10A8CD171CCFE2DF00EE148E /* MagicBox.h */ = {isa = PBXFileReference; lastKnownFileType = sourcecode.c.h; path = MagicBox.h; sourceTree = "<group>"; };
		10A8CD181CCFE2DF00EE148E /* MagicBox.hpp */ = {isa = PBXFileReference; lastKnownFileType = sourcecode.cpp.h; path = MagicBox.hpp; sourceTree = "<group>"; };
		10A8CD191CCFE2DF00EE148E /* Plainbox.cpp */ = {isa = PBXFileReference; lastKnownFileType = sourcecode.cpp.cpp; path = Plainbox.cpp; sourceTree = "<group>"; };
		10A8CD1A1CCFE2DF00EE148E /* Plainbox.h */ = {isa = PBXFileReference; lastKnownFileType = sourcecode.c.h; path = Plainbox.h; sourceTree = "<group>"; };
		10A8CD1B1CCFE2DF00EE148E /* Plainbox.hpp */ = {isa = PBXFileReference; lastKnownFileType = sourcecode.cpp.h; path = Plainbox.hpp; sourceTree = "<group>"; };
		10A8CD1C1CCFE2DF00EE148E /* Source.cpp */ = {isa = PBXFileReference; lastKnownFileType = sourcecode.cpp.cpp; path = Source.cpp; sourceTree = "<group>"; };
		10A8CD1D1CCFE2DF00EE148E /* ToyBox.h */ = {isa = PBXFileReference; lastKnownFileType = sourcecode.c.h; path = ToyBox.h; sourceTree = "<group>"; };
		10A8CD1E1CCFE2DF00EE148E /* ToyBox.hpp */ = {isa = PBXFileReference; lastKnownFileType = sourcecode.cpp.h; path = ToyBox.hpp; sourceTree = "<group>"; };
/* End PBXFileReference section */

/* Begin PBXGroup section */
		10A8CD0F1CCFE17800EE148E = {
			isa = PBXGroup;
			children = (
				10A8CD171CCFE2DF00EE148E /* MagicBox.h */,
				10A8CD181CCFE2DF00EE148E /* MagicBox.hpp */,
				10A8CD191CCFE2DF00EE148E /* Plainbox.cpp */,
				10A8CD1A1CCFE2DF00EE148E /* Plainbox.h */,
				10A8CD1B1CCFE2DF00EE148E /* Plainbox.hpp */,
				10A8CD1C1CCFE2DF00EE148E /* Source.cpp */,
				10A8CD1D1CCFE2DF00EE148E /* ToyBox.h */,
				10A8CD1E1CCFE2DF00EE148E /* ToyBox.hpp */,
			);
			sourceTree = "<group>";
		};
/* End PBXGroup section */

/* Begin PBXProject section */
		10A8CD101CCFE17800EE148E /* Project object */ = {
			isa = PBXProject;
			attributes = {
				LastUpgradeCheck = 0640;
			};
			buildConfigurationList = 10A8CD131CCFE17800EE148E /* Build configuration list for PBXProject "CppInterlude1" */;
			compatibilityVersion = "Xcode 3.2";
			developmentRegion = English;
			hasScannedForEncodings = 0;
			knownRegions = (
				en,
			);
			mainGroup = 10A8CD0F1CCFE17800EE148E;
			projectDirPath = "";
			projectRoot = "";
			targets = (
			);
		};
/* End PBXProject section */

/* Begin XCBuildConfiguration section */
		10A8CD141CCFE17800EE148E /* Debug */ = {
			isa = XCBuildConfiguration;
			buildSettings = {
			};
			name = Debug;
		};
		10A8CD151CCFE17800EE148E /* Release */ = {
			isa = XCBuildConfiguration;
			buildSettings = {
			};
			name = Release;
		};
/* End XCBuildConfiguration section */

/* Begin XCConfigurationList section */
		10A8CD131CCFE17800EE148E /* Build configuration list for PBXProject "CppInterlude1" */ = {
			isa = XCConfigurationList;
			buildConfigurations = (
				10A8CD141CCFE17800EE148E /* Debug */,
				10A8CD151CCFE17800EE148E /* Release */,
			);
			defaultConfigurationIsVisible = 0;
			defaultConfigurationName = Release;
		};
/* End XCConfigurationList section */
	};
	rootObject = 10A8CD101CCFE17800EE148E /* Project object */;
}
